
Microsoft Visual Studio Solution File, Format Version 12.00
# Visual Studio 14
VisualStudioVersion = 14.0.25420.1
MinimumVisualStudioVersion = 10.0.40219.1
Project("{CC5FD16D-436D-48AD-A40C-5A424C6E3E79}") = "Azure.CloudService", "Azure.CloudService\Azure.CloudService.ccproj", "{8601561B-EF7B-4C5C-B77B-D1BD69D2F9B2}"
EndProject
Project("{FAE04EC0-301F-11D3-BF4B-00C04F79EFBC}") = "Azure.WorkerRole", "Azure.WorkerRole\Azure.WorkerRole.csproj", "{08E6D1E9-64CD-460F-96C9-82144513988E}"
EndProject
Project("{FAE04EC0-301F-11D3-BF4B-00C04F79EFBC}") = "ChromiumPrototype.Messages", "ChromiumPrototype.Messages\ChromiumPrototype.Messages.csproj", "{9BF6FCA3-B0E3-44D1-95F1-C8F250B59DC4}"
EndProject
Project("{FAE04EC0-301F-11D3-BF4B-00C04F79EFBC}") = "ChromiumPrototype.Storage", "ChromiumPrototype.Storage\ChromiumPrototype.Storage.csproj", "{657DF742-2236-4CA4-96ED-82444BBA3B27}"
EndProject
Project("{FAE04EC0-301F-11D3-BF4B-00C04F79EFBC}") = "ChromiumPrototype.ConsoleReceiver", "ChromiumPrototype.ConsoleTests\ChromiumPrototype.ConsoleReceiver.csproj", "{4C3E4FFE-A432-4D1C-8AA4-56E7D56AADFA}"
EndProject
Project("{FAE04EC0-301F-11D3-BF4B-00C04F79EFBC}") = "ChromiumPrototype.ConsoleSender", "ChromiumPrototype.ConsoleSender\ChromiumPrototype.ConsoleSender.csproj", "{AB76490F-1BDF-492F-BA7E-8668BD3532B0}"
EndProject
Global
	GlobalSection(SolutionConfigurationPlatforms) = preSolution
		Debug|x64 = Debug|x64
		Release|x64 = Release|x64
	EndGlobalSection
	GlobalSection(ProjectConfigurationPlatforms) = postSolution
		{8601561B-EF7B-4C5C-B77B-D1BD69D2F9B2}.Debug|x64.ActiveCfg = Debug|Any CPU
		{8601561B-EF7B-4C5C-B77B-D1BD69D2F9B2}.Debug|x64.Build.0 = Debug|Any CPU
		{8601561B-EF7B-4C5C-B77B-D1BD69D2F9B2}.Release|x64.ActiveCfg = Release|Any CPU
		{8601561B-EF7B-4C5C-B77B-D1BD69D2F9B2}.Release|x64.Build.0 = Release|Any CPU
		{08E6D1E9-64CD-460F-96C9-82144513988E}.Debug|x64.ActiveCfg = Debug|x64
		{08E6D1E9-64CD-460F-96C9-82144513988E}.Debug|x64.Build.0 = Debug|x64
		{08E6D1E9-64CD-460F-96C9-82144513988E}.Release|x64.ActiveCfg = Release|x86
		{08E6D1E9-64CD-460F-96C9-82144513988E}.Release|x64.Build.0 = Release|x86
		{9BF6FCA3-B0E3-44D1-95F1-C8F250B59DC4}.Debug|x64.ActiveCfg = Debug|x64
		{9BF6FCA3-B0E3-44D1-95F1-C8F250B59DC4}.Debug|x64.Build.0 = Debug|x64
		{9BF6FCA3-B0E3-44D1-95F1-C8F250B59DC4}.Release|x64.ActiveCfg = Release|x86
		{9BF6FCA3-B0E3-44D1-95F1-C8F250B59DC4}.Release|x64.Build.0 = Release|x86
		{657DF742-2236-4CA4-96ED-82444BBA3B27}.Debug|x64.ActiveCfg = Debug|x64
		{657DF742-2236-4CA4-96ED-82444BBA3B27}.Debug|x64.Build.0 = Debug|x64
		{657DF742-2236-4CA4-96ED-82444BBA3B27}.Release|x64.ActiveCfg = Release|x86
		{657DF742-2236-4CA4-96ED-82444BBA3B27}.Release|x64.Build.0 = Release|x86
		{4C3E4FFE-A432-4D1C-8AA4-56E7D56AADFA}.Debug|x64.ActiveCfg = Debug|x64
		{4C3E4FFE-A432-4D1C-8AA4-56E7D56AADFA}.Debug|x64.Build.0 = Debug|x64
		{4C3E4FFE-A432-4D1C-8AA4-56E7D56AADFA}.Release|x64.ActiveCfg = Release|x86
		{4C3E4FFE-A432-4D1C-8AA4-56E7D56AADFA}.Release|x64.Build.0 = Release|x86
		{AB76490F-1BDF-492F-BA7E-8668BD3532B0}.Debug|x64.ActiveCfg = Debug|x64
		{AB76490F-1BDF-492F-BA7E-8668BD3532B0}.Debug|x64.Build.0 = Debug|x64
		{AB76490F-1BDF-492F-BA7E-8668BD3532B0}.Release|x64.ActiveCfg = Release|Any CPU
		{AB76490F-1BDF-492F-BA7E-8668BD3532B0}.Release|x64.Build.0 = Release|Any CPU
	EndGlobalSection
	GlobalSection(SolutionProperties) = preSolution
		HideSolutionNode = FALSE
	EndGlobalSection
EndGlobal
